// !$*UTF8*$!
{
	archiveVersion = 1;
	classes = {
	};
	objectVersion = 55;
	objects = {

/* Begin PBXBuildFile section */
		74E9C367279923CF00AA68CA /* AppDelegate.swift in Sources */ = {isa = PBXBuildFile; fileRef = 74E9C366279923CF00AA68CA /* AppDelegate.swift */; };
		74E9C369279923CF00AA68CA /* SceneDelegate.swift in Sources */ = {isa = PBXBuildFile; fileRef = 74E9C368279923CF00AA68CA /* SceneDelegate.swift */; };
		74E9C36B279923CF00AA68CA /* ViewController.swift in Sources */ = {isa = PBXBuildFile; fileRef = 74E9C36A279923CF00AA68CA /* ViewController.swift */; };
		74E9C36E279923CF00AA68CA /* Main.storyboard in Resources */ = {isa = PBXBuildFile; fileRef = 74E9C36C279923CF00AA68CA /* Main.storyboard */; };
		74E9C370279923CF00AA68CA /* Assets.xcassets in Resources */ = {isa = PBXBuildFile; fileRef = 74E9C36F279923CF00AA68CA /* Assets.xcassets */; };
		74E9C373279923CF00AA68CA /* LaunchScreen.storyboard in Resources */ = {isa = PBXBuildFile; fileRef = 74E9C371279923CF00AA68CA /* LaunchScreen.storyboard */; };
		74E9C37E279923CF00AA68CA /* OnboardingViewAppTests.swift in Sources */ = {isa = PBXBuildFile; fileRef = 74E9C37D279923CF00AA68CA /* OnboardingViewAppTests.swift */; };
		74E9C388279923CF00AA68CA /* OnboardingViewAppUITests.swift in Sources */ = {isa = PBXBuildFile; fileRef = 74E9C387279923CF00AA68CA /* OnboardingViewAppUITests.swift */; };
		74E9C38A279923CF00AA68CA /* OnboardingViewAppUITestsLaunchTests.swift in Sources */ = {isa = PBXBuildFile; fileRef = 74E9C389279923CF00AA68CA /* OnboardingViewAppUITestsLaunchTests.swift */; };
		74E9C3982799243F00AA68CA /* OnBoardingItemViewController.swift in Sources */ = {isa = PBXBuildFile; fileRef = 74E9C3962799243F00AA68CA /* OnBoardingItemViewController.swift */; };
		74E9C3992799243F00AA68CA /* OnBoardingItemViewController.xib in Resources */ = {isa = PBXBuildFile; fileRef = 74E9C3972799243F00AA68CA /* OnBoardingItemViewController.xib */; };
		74E9C39B279926C900AA68CA /* OnBoardingPageViewController.swift in Sources */ = {isa = PBXBuildFile; fileRef = 74E9C39A279926C900AA68CA /* OnBoardingPageViewController.swift */; };
/* End PBXBuildFile section */

/* Begin PBXContainerItemProxy section */
		74E9C37A279923CF00AA68CA /* PBXContainerItemProxy */ = {
			isa = PBXContainerItemProxy;
			containerPortal = 74E9C35B279923CF00AA68CA /* Project object */;
			proxyType = 1;
			remoteGlobalIDString = 74E9C362279923CF00AA68CA;
			remoteInfo = OnboardingViewApp;
		};
		74E9C384279923CF00AA68CA /* PBXContainerItemProxy */ = {
			isa = PBXContainerItemProxy;
			containerPortal = 74E9C35B279923CF00AA68CA /* Project object */;
			proxyType = 1;
			remoteGlobalIDString = 74E9C362279923CF00AA68CA;
			remoteInfo = OnboardingViewApp;
		};
/* End PBXContainerItemProxy section */

/* Begin PBXFileReference section */
		74E9C363279923CF00AA68CA /* OnboardingViewApp.app */ = {isa = PBXFileReference; explicitFileType = wrapper.application; includeInIndex = 0; path = OnboardingViewApp.app; sourceTree = BUILT_PRODUCTS_DIR; };
		74E9C366279923CF00AA68CA /* AppDelegate.swift */ = {isa = PBXFileReference; lastKnownFileType = sourcecode.swift; path = AppDelegate.swift; sourceTree = "<group>"; };
		74E9C368279923CF00AA68CA /* SceneDelegate.swift */ = {isa = PBXFileReference; lastKnownFileType = sourcecode.swift; path = SceneDelegate.swift; sourceTree = "<group>"; };
		74E9C36A279923CF00AA68CA /* ViewController.swift */ = {isa = PBXFileReference; lastKnownFileType = sourcecode.swift; path = ViewController.swift; sourceTree = "<group>"; };
		74E9C36D279923CF00AA68CA /* Base */ = {isa = PBXFileReference; lastKnownFileType = file.storyboard; name = Base; path = Base.lproj/Main.storyboard; sourceTree = "<group>"; };
		74E9C36F279923CF00AA68CA /* Assets.xcassets */ = {isa = PBXFileReference; lastKnownFileType = folder.assetcatalog; path = Assets.xcassets; sourceTree = "<group>"; };
		74E9C372279923CF00AA68CA /* Base */ = {isa = PBXFileReference; lastKnownFileType = file.storyboard; name = Base; path = Base.lproj/LaunchScreen.storyboard; sourceTree = "<group>"; };
		74E9C374279923CF00AA68CA /* Info.plist */ = {isa = PBXFileReference; lastKnownFileType = text.plist.xml; path = Info.plist; sourceTree = "<group>"; };
		74E9C379279923CF00AA68CA /* OnboardingViewAppTests.xctest */ = {isa = PBXFileReference; explicitFileType = wrapper.cfbundle; includeInIndex = 0; path = OnboardingViewAppTests.xctest; sourceTree = BUILT_PRODUCTS_DIR; };
		74E9C37D279923CF00AA68CA /* OnboardingViewAppTests.swift */ = {isa = PBXFileReference; lastKnownFileType = sourcecode.swift; path = OnboardingViewAppTests.swift; sourceTree = "<group>"; };
		74E9C383279923CF00AA68CA /* OnboardingViewAppUITests.xctest */ = {isa = PBXFileReference; explicitFileType = wrapper.cfbundle; includeInIndex = 0; path = OnboardingViewAppUITests.xctest; sourceTree = BUILT_PRODUCTS_DIR; };
		74E9C387279923CF00AA68CA /* OnboardingViewAppUITests.swift */ = {isa = PBXFileReference; lastKnownFileType = sourcecode.swift; path = OnboardingViewAppUITests.swift; sourceTree = "<group>"; };
		74E9C389279923CF00AA68CA /* OnboardingViewAppUITestsLaunchTests.swift */ = {isa = PBXFileReference; lastKnownFileType = sourcecode.swift; path = OnboardingViewAppUITestsLaunchTests.swift; sourceTree = "<group>"; };
		74E9C3962799243F00AA68CA /* OnBoardingItemViewController.swift */ = {isa = PBXFileReference; lastKnownFileType = sourcecode.swift; path = OnBoardingItemViewController.swift; sourceTree = "<group>"; };
		74E9C3972799243F00AA68CA /* OnBoardingItemViewController.xib */ = {isa = PBXFileReference; lastKnownFileType = file.xib; path = OnBoardingItemViewController.xib; sourceTree = "<group>"; };
		74E9C39A279926C900AA68CA /* OnBoardingPageViewController.swift */ = {isa = PBXFileReference; lastKnownFileType = sourcecode.swift; path = OnBoardingPageViewController.swift; sourceTree = "<group>"; };
/* End PBXFileReference section */

/* Begin PBXFrameworksBuildPhase section */
		74E9C360279923CF00AA68CA /* Frameworks */ = {
			isa = PBXFrameworksBuildPhase;
			buildActionMask = 2147483647;
			files = (
			);
			runOnlyForDeploymentPostprocessing = 0;
		};
		74E9C376279923CF00AA68CA /* Frameworks */ = {
			isa = PBXFrameworksBuildPhase;
			buildActionMask = 2147483647;
			files = (
			);
			runOnlyForDeploymentPostprocessing = 0;
		};
		74E9C380279923CF00AA68CA /* Frameworks */ = {
			isa = PBXFrameworksBuildPhase;
			buildActionMask = 2147483647;
			files = (
			);
			runOnlyForDeploymentPostprocessing = 0;
		};
/* End PBXFrameworksBuildPhase section */

/* Begin PBXGroup section */
		74E9C35A279923CF00AA68CA = {
			isa = PBXGroup;
			children = (
				74E9C365279923CF00AA68CA /* OnboardingViewApp */,
				74E9C37C279923CF00AA68CA /* OnboardingViewAppTests */,
				74E9C386279923CF00AA68CA /* OnboardingViewAppUITests */,
				74E9C364279923CF00AA68CA /* Products */,
			);
			sourceTree = "<group>";
		};
		74E9C364279923CF00AA68CA /* Products */ = {
			isa = PBXGroup;
			children = (
				74E9C363279923CF00AA68CA /* OnboardingViewApp.app */,
				74E9C379279923CF00AA68CA /* OnboardingViewAppTests.xctest */,
				74E9C383279923CF00AA68CA /* OnboardingViewAppUITests.xctest */,
			);
			name = Products;
			sourceTree = "<group>";
		};
		74E9C365279923CF00AA68CA /* OnboardingViewApp */ = {
			isa = PBXGroup;
			children = (
				74E9C39A279926C900AA68CA /* OnBoardingPageViewController.swift */,
				74E9C366279923CF00AA68CA /* AppDelegate.swift */,
				74E9C368279923CF00AA68CA /* SceneDelegate.swift */,
				74E9C36A279923CF00AA68CA /* ViewController.swift */,
				74E9C36C279923CF00AA68CA /* Main.storyboard */,
				74E9C36F279923CF00AA68CA /* Assets.xcassets */,
				74E9C371279923CF00AA68CA /* LaunchScreen.storyboard */,
				74E9C374279923CF00AA68CA /* Info.plist */,
				74E9C3962799243F00AA68CA /* OnBoardingItemViewController.swift */,
				74E9C3972799243F00AA68CA /* OnBoardingItemViewController.xib */,
			);
			path = OnboardingViewApp;
			sourceTree = "<group>";
		};
		74E9C37C279923CF00AA68CA /* OnboardingViewAppTests */ = {
			isa = PBXGroup;
			children = (
				74E9C37D279923CF00AA68CA /* OnboardingViewAppTests.swift */,
			);
			path = OnboardingViewAppTests;
			sourceTree = "<group>";
		};
		74E9C386279923CF00AA68CA /* OnboardingViewAppUITests */ = {
			isa = PBXGroup;
			children = (
				74E9C387279923CF00AA68CA /* OnboardingViewAppUITests.swift */,
				74E9C389279923CF00AA68CA /* OnboardingViewAppUITestsLaunchTests.swift */,
			);
			path = OnboardingViewAppUITests;
			sourceTree = "<group>";
		};
/* End PBXGroup section */

/* Begin PBXNativeTarget section */
		74E9C362279923CF00AA68CA /* OnboardingViewApp */ = {
			isa = PBXNativeTarget;
			buildConfigurationList = 74E9C38D279923CF00AA68CA /* Build configuration list for PBXNativeTarget "OnboardingViewApp" */;
			buildPhases = (
				74E9C35F279923CF00AA68CA /* Sources */,
				74E9C360279923CF00AA68CA /* Frameworks */,
				74E9C361279923CF00AA68CA /* Resources */,
			);
			buildRules = (
			);
			dependencies = (
			);
			name = OnboardingViewApp;
			productName = OnboardingViewApp;
			productReference = 74E9C363279923CF00AA68CA /* OnboardingViewApp.app */;
			productType = "com.apple.product-type.application";
		};
		74E9C378279923CF00AA68CA /* OnboardingViewAppTests */ = {
			isa = PBXNativeTarget;
			buildConfigurationList = 74E9C390279923CF00AA68CA /* Build configuration list for PBXNativeTarget "OnboardingViewAppTests" */;
			buildPhases = (
				74E9C375279923CF00AA68CA /* Sources */,
				74E9C376279923CF00AA68CA /* Frameworks */,
				74E9C377279923CF00AA68CA /* Resources */,
			);
			buildRules = (
			);
			dependencies = (
				74E9C37B279923CF00AA68CA /* PBXTargetDependency */,
			);
			name = OnboardingViewAppTests;
			productName = OnboardingViewAppTests;
			productReference = 74E9C379279923CF00AA68CA /* OnboardingViewAppTests.xctest */;
			productType = "com.apple.product-type.bundle.unit-test";
		};
		74E9C382279923CF00AA68CA /* OnboardingViewAppUITests */ = {
			isa = PBXNativeTarget;
			buildConfigurationList = 74E9C393279923CF00AA68CA /* Build configuration list for PBXNativeTarget "OnboardingViewAppUITests" */;
			buildPhases = (
				74E9C37F279923CF00AA68CA /* Sources */,
				74E9C380279923CF00AA68CA /* Frameworks */,
				74E9C381279923CF00AA68CA /* Resources */,
			);
			buildRules = (
			);
			dependencies = (
				74E9C385279923CF00AA68CA /* PBXTargetDependency */,
			);
			name = OnboardingViewAppUITests;
			productName = OnboardingViewAppUITests;
			productReference = 74E9C383279923CF00AA68CA /* OnboardingViewAppUITests.xctest */;
			productType = "com.apple.product-type.bundle.ui-testing";
		};
/* End PBXNativeTarget section */

/* Begin PBXProject section */
		74E9C35B279923CF00AA68CA /* Project object */ = {
			isa = PBXProject;
			attributes = {
				BuildIndependentTargetsInParallel = 1;
				LastSwiftUpdateCheck = 1320;
				LastUpgradeCheck = 1320;
				TargetAttributes = {
					74E9C362279923CF00AA68CA = {
						CreatedOnToolsVersion = 13.2.1;
					};
					74E9C378279923CF00AA68CA = {
						CreatedOnToolsVersion = 13.2.1;
						TestTargetID = 74E9C362279923CF00AA68CA;
					};
					74E9C382279923CF00AA68CA = {
						CreatedOnToolsVersion = 13.2.1;
						TestTargetID = 74E9C362279923CF00AA68CA;
					};
				};
			};
			buildConfigurationList = 74E9C35E279923CF00AA68CA /* Build configuration list for PBXProject "OnboardingViewApp" */;
			compatibilityVersion = "Xcode 13.0";
			developmentRegion = en;
			hasScannedForEncodings = 0;
			knownRegions = (
				en,
				Base,
			);
			mainGroup = 74E9C35A279923CF00AA68CA;
			productRefGroup = 74E9C364279923CF00AA68CA /* Products */;
			projectDirPath = "";
			projectRoot = "";
			targets = (
				74E9C362279923CF00AA68CA /* OnboardingViewApp */,
				74E9C378279923CF00AA68CA /* OnboardingViewAppTests */,
				74E9C382279923CF00AA68CA /* OnboardingViewAppUITests */,
			);
		};
/* End PBXProject section */

/* Begin PBXResourcesBuildPhase section */
		74E9C361279923CF00AA68CA /* Resources */ = {
			isa = PBXResourcesBuildPhase;
			buildActionMask = 2147483647;
			files = (
				74E9C3992799243F00AA68CA /* OnBoardingItemViewController.xib in Resources */,
				74E9C373279923CF00AA68CA /* LaunchScreen.storyboard in Resources */,
				74E9C370279923CF00AA68CA /* Assets.xcassets in Resources */,
				74E9C36E279923CF00AA68CA /* Main.storyboard in Resources */,
			);
			runOnlyForDeploymentPostprocessing = 0;
		};
		74E9C377279923CF00AA68CA /* Resources */ = {
			isa = PBXResourcesBuildPhase;
			buildActionMask = 2147483647;
			files = (
			);
			runOnlyForDeploymentPostprocessing = 0;
		};
		74E9C381279923CF00AA68CA /* Resources */ = {
			isa = PBXResourcesBuildPhase;
			buildActionMask = 2147483647;
			files = (
			);
			runOnlyForDeploymentPostprocessing = 0;
		};
/* End PBXResourcesBuildPhase section */

/* Begin PBXSourcesBuildPhase section */
		74E9C35F279923CF00AA68CA /* Sources */ = {
			isa = PBXSourcesBuildPhase;
			buildActionMask = 2147483647;
			files = (
				74E9C36B279923CF00AA68CA /* ViewController.swift in Sources */,
				74E9C367279923CF00AA68CA /* AppDelegate.swift in Sources */,
				74E9C39B279926C900AA68CA /* OnBoardingPageViewController.swift in Sources */,
				74E9C3982799243F00AA68CA /* OnBoardingItemViewController.swift in Sources */,
				74E9C369279923CF00AA68CA /* SceneDelegate.swift in Sources */,
			);
			runOnlyForDeploymentPostprocessing = 0;
		};
		74E9C375279923CF00AA68CA /* Sources */ = {
			isa = PBXSourcesBuildPhase;
			buildActionMask = 2147483647;
			files = (
				74E9C37E279923CF00AA68CA /* OnboardingViewAppTests.swift in Sources */,
			);
			runOnlyForDeploymentPostprocessing = 0;
		};
		74E9C37F279923CF00AA68CA /* Sources */ = {
			isa = PBXSourcesBuildPhase;
			buildActionMask = 2147483647;
			files = (
				74E9C38A279923CF00AA68CA /* OnboardingViewAppUITestsLaunchTests.swift in Sources */,
				74E9C388279923CF00AA68CA /* OnboardingViewAppUITests.swift in Sources */,
			);
			runOnlyForDeploymentPostprocessing = 0;
		};
/* End PBXSourcesBuildPhase section */

/* Begin PBXTargetDependency section */
		74E9C37B279923CF00AA68CA /* PBXTargetDependency */ = {
			isa = PBXTargetDependency;
			target = 74E9C362279923CF00AA68CA /* OnboardingViewApp */;
			targetProxy = 74E9C37A279923CF00AA68CA /* PBXContainerItemProxy */;
		};
		74E9C385279923CF00AA68CA /* PBXTargetDependency */ = {
			isa = PBXTargetDependency;
			target = 74E9C362279923CF00AA68CA /* OnboardingViewApp */;
			targetProxy = 74E9C384279923CF00AA68CA /* PBXContainerItemProxy */;
		};
/* End PBXTargetDependency section */

/* Begin PBXVariantGroup section */
		74E9C36C279923CF00AA68CA /* Main.storyboard */ = {
			isa = PBXVariantGroup;
			children = (
				74E9C36D279923CF00AA68CA /* Base */,
			);
			name = Main.storyboard;
			sourceTree = "<group>";
		};
		74E9C371279923CF00AA68CA /* LaunchScreen.storyboard */ = {
			isa = PBXVariantGroup;
			children = (
				74E9C372279923CF00AA68CA /* Base */,
			);
			name = LaunchScreen.storyboard;
			sourceTree = "<group>";
		};
/* End PBXVariantGroup section */

/* Begin XCBuildConfiguration section */
		74E9C38B279923CF00AA68CA /* Debug */ = {
			isa = XCBuildConfiguration;
			buildSettings = {
				ALWAYS_SEARCH_USER_PATHS = NO;
				CLANG_ANALYZER_NONNULL = YES;
				CLANG_ANALYZER_NUMBER_OBJECT_CONVERSION = YES_AGGRESSIVE;
				CLANG_CXX_LANGUAGE_STANDARD = "gnu++17";
				CLANG_CXX_LIBRARY = "libc++";
				CLANG_ENABLE_MODULES = YES;
				CLANG_ENABLE_OBJC_ARC = YES;
				CLANG_ENABLE_OBJC_WEAK = YES;
				CLANG_WARN_BLOCK_CAPTURE_AUTORELEASING = YES;
				CLANG_WARN_BOOL_CONVERSION = YES;
				CLANG_WARN_COMMA = YES;
				CLANG_WARN_CONSTANT_CONVERSION = YES;
				CLANG_WARN_DEPRECATED_OBJC_IMPLEMENTATIONS = YES;
				CLANG_WARN_DIRECT_OBJC_ISA_USAGE = YES_ERROR;
				CLANG_WARN_DOCUMENTATION_COMMENTS = YES;
				CLANG_WARN_EMPTY_BODY = YES;
				CLANG_WARN_ENUM_CONVERSION = YES;
				CLANG_WARN_INFINITE_RECURSION = YES;
				CLANG_WARN_INT_CONVERSION = YES;
				CLANG_WARN_NON_LITERAL_NULL_CONVERSION = YES;
				CLANG_WARN_OBJC_IMPLICIT_RETAIN_SELF = YES;
				CLANG_WARN_OBJC_LITERAL_CONVERSION = YES;
				CLANG_WARN_OBJC_ROOT_CLASS = YES_ERROR;
				CLANG_WARN_QUOTED_INCLUDE_IN_FRAMEWORK_HEADER = YES;
				CLANG_WARN_RANGE_LOOP_ANALYSIS = YES;
				CLANG_WARN_STRICT_PROTOTYPES = YES;
				CLANG_WARN_SUSPICIOUS_MOVE = YES;
				CLANG_WARN_UNGUARDED_AVAILABILITY = YES_AGGRESSIVE;
				CLANG_WARN_UNREACHABLE_CODE = YES;
				CLANG_WARN__DUPLICATE_METHOD_MATCH = YES;
				COPY_PHASE_STRIP = NO;
				DEBUG_INFORMATION_FORMAT = dwarf;
				ENABLE_STRICT_OBJC_MSGSEND = YES;
				ENABLE_TESTABILITY = YES;
				GCC_C_LANGUAGE_STANDARD = gnu11;
				GCC_DYNAMIC_NO_PIC = NO;
				GCC_NO_COMMON_BLOCKS = YES;
				GCC_OPTIMIZATION_LEVEL = 0;
				GCC_PREPROCESSOR_DEFINITIONS = (
					"DEBUG=1",
					"$(inherited)",
				);
				GCC_WARN_64_TO_32_BIT_CONVERSION = YES;
				GCC_WARN_ABOUT_RETURN_TYPE = YES_ERROR;
				GCC_WARN_UNDECLARED_SELECTOR = YES;
				GCC_WARN_UNINITIALIZED_AUTOS = YES_AGGRESSIVE;
				GCC_WARN_UNUSED_FUNCTION = YES;
				GCC_WARN_UNUSED_VARIABLE = YES;
				IPHONEOS_DEPLOYMENT_TARGET = 15.2;
				MTL_ENABLE_DEBUG_INFO = INCLUDE_SOURCE;
				MTL_FAST_MATH = YES;
				ONLY_ACTIVE_ARCH = YES;
				SDKROOT = iphoneos;
				SWIFT_ACTIVE_COMPILATION_CONDITIONS = DEBUG;
				SWIFT_OPTIMIZATION_LEVEL = "-Onone";
			};
			name = Debug;
		};
		74E9C38C279923CF00AA68CA /* Release */ = {
			isa = XCBuildConfiguration;
			buildSettings = {
				ALWAYS_SEARCH_USER_PATHS = NO;
				CLANG_ANALYZER_NONNULL = YES;
				CLANG_ANALYZER_NUMBER_OBJECT_CONVERSION = YES_AGGRESSIVE;
				CLANG_CXX_LANGUAGE_STANDARD = "gnu++17";
				CLANG_CXX_LIBRARY = "libc++";
				CLANG_ENABLE_MODULES = YES;
				CLANG_ENABLE_OBJC_ARC = YES;
				CLANG_ENABLE_OBJC_WEAK = YES;
				CLANG_WARN_BLOCK_CAPTURE_AUTORELEASING = YES;
				CLANG_WARN_BOOL_CONVERSION = YES;
				CLANG_WARN_COMMA = YES;
				CLANG_WARN_CONSTANT_CONVERSION = YES;
				CLANG_WARN_DEPRECATED_OBJC_IMPLEMENTATIONS = YES;
				CLANG_WARN_DIRECT_OBJC_ISA_USAGE = YES_ERROR;
				CLANG_WARN_DOCUMENTATION_COMMENTS = YES;
				CLANG_WARN_EMPTY_BODY = YES;
				CLANG_WARN_ENUM_CONVERSION = YES;
				CLANG_WARN_INFINITE_RECURSION = YES;
				CLANG_WARN_INT_CONVERSION = YES;
				CLANG_WARN_NON_LITERAL_NULL_CONVERSION = YES;
				CLANG_WARN_OBJC_IMPLICIT_RETAIN_SELF = YES;
				CLANG_WARN_OBJC_LITERAL_CONVERSION = YES;
				CLANG_WARN_OBJC_ROOT_CLASS = YES_ERROR;
				CLANG_WARN_QUOTED_INCLUDE_IN_FRAMEWORK_HEADER = YES;
				CLANG_WARN_RANGE_LOOP_ANALYSIS = YES;
				CLANG_WARN_STRICT_PROTOTYPES = YES;
				CLANG_WARN_SUSPICIOUS_MOVE = YES;
				CLANG_WARN_UNGUARDED_AVAILABILITY = YES_AGGRESSIVE;
				CLANG_WARN_UNREACHABLE_CODE = YES;
				CLANG_WARN__DUPLICATE_METHOD_MATCH = YES;
				COPY_PHASE_STRIP = NO;
				DEBUG_INFORMATION_FORMAT = "dwarf-with-dsym";
				ENABLE_NS_ASSERTIONS = NO;
				ENABLE_STRICT_OBJC_MSGSEND = YES;
				GCC_C_LANGUAGE_STANDARD = gnu11;
				GCC_NO_COMMON_BLOCKS = YES;
				GCC_WARN_64_TO_32_BIT_CONVERSION = YES;
				GCC_WARN_ABOUT_RETURN_TYPE = YES_ERROR;
				GCC_WARN_UNDECLARED_SELECTOR = YES;
				GCC_WARN_UNINITIALIZED_AUTOS = YES_AGGRESSIVE;
				GCC_WARN_UNUSED_FUNCTION = YES;
				GCC_WARN_UNUSED_VARIABLE = YES;
				IPHONEOS_DEPLOYMENT_TARGET = 15.2;
				MTL_ENABLE_DEBUG_INFO = NO;
				MTL_FAST_MATH = YES;
				SDKROOT = iphoneos;
				SWIFT_COMPILATION_MODE = wholemodule;
				SWIFT_OPTIMIZATION_LEVEL = "-O";
				VALIDATE_PRODUCT = YES;
			};
			name = Release;
		};
		74E9C38E279923CF00AA68CA /* Debug */ = {
			isa = XCBuildConfiguration;
			buildSettings = {
				ASSETCATALOG_COMPILER_APPICON_NAME = AppIcon;
				ASSETCATALOG_COMPILER_GLOBAL_ACCENT_COLOR_NAME = AccentColor;
				CODE_SIGN_STYLE = Automatic;
				CURRENT_PROJECT_VERSION = 1;
				GENERATE_INFOPLIST_FILE = YES;
				INFOPLIST_FILE = OnboardingViewApp/Info.plist;
				INFOPLIST_KEY_UIApplicationSupportsIndirectInputEvents = YES;
				INFOPLIST_KEY_UILaunchStoryboardName = LaunchScreen;
				INFOPLIST_KEY_UIMainStoryboardFile = Main;
				INFOPLIST_KEY_UISupportedInterfaceOrientations_iPad = "UIInterfaceOrientationPortrait UIInterfaceOrientationPortraitUpsideDown UIInterfaceOrientationLandscapeLeft UIInterfaceOrientationLandscapeRight";
				INFOPLIST_KEY_UISupportedInterfaceOrientations_iPhone = "UIInterfaceOrientationPortrait UIInterfaceOrientationLandscapeLeft UIInterfaceOrientationLandscapeRight";
				LD_RUNPATH_SEARCH_PATHS = (
					"$(inherited)",
					"@executable_path/Frameworks",
				);
				MARKETING_VERSION = 1.0;
				PRODUCT_BUNDLE_IDENTIFIER = kr.co.test.OnboardingViewApp;
				PRODUCT_NAME = "$(TARGET_NAME)";
				SWIFT_EMIT_LOC_STRINGS = YES;
				SWIFT_VERSION = 5.0;
				TARGETED_DEVICE_FAMILY = "1,2";
			};
			name = Debug;
		};
		74E9C38F279923CF00AA68CA /* Release */ = {
			isa = XCBuildConfiguration;
			buildSettings = {
				ASSETCATALOG_COMPILER_APPICON_NAME = AppIcon;
				ASSETCATALOG_COMPILER_GLOBAL_ACCENT_COLOR_NAME = AccentColor;
				CODE_SIGN_STYLE = Automatic;
				CURRENT_PROJECT_VERSION = 1;
				GENERATE_INFOPLIST_FILE = YES;
				INFOPLIST_FILE = OnboardingViewApp/Info.plist;
				INFOPLIST_KEY_UIApplicationSupportsIndirectInputEvents = YES;
				INFOPLIST_KEY_UILaunchStoryboardName = LaunchScreen;
				INFOPLIST_KEY_UIMainStoryboardFile = Main;
				INFOPLIST_KEY_UISupportedInterfaceOrientations_iPad = "UIInterfaceOrientationPortrait UIInterfaceOrientationPortraitUpsideDown UIInterfaceOrientationLandscapeLeft UIInterfaceOrientationLandscapeRight";
				INFOPLIST_KEY_UISupportedInterfaceOrientations_iPhone = "UIInterfaceOrientationPortrait UIInterfaceOrientationLandscapeLeft UIInterfaceOrientationLandscapeRight";
				LD_RUNPATH_SEARCH_PATHS = (
					"$(inherited)",
					"@executable_path/Frameworks",
				);
				MARKETING_VERSION = 1.0;
				PRODUCT_BUNDLE_IDENTIFIER = kr.co.test.OnboardingViewApp;
				PRODUCT_NAME = "$(TARGET_NAME)";
				SWIFT_EMIT_LOC_STRINGS = YES;
				SWIFT_VERSION = 5.0;
				TARGETED_DEVICE_FAMILY = "1,2";
			};
			name = Release;
		};
		74E9C391279923CF00AA68CA /* Debug */ = {
			isa = XCBuildConfiguration;
			buildSettings = {
				ALWAYS_EMBED_SWIFT_STANDARD_LIBRARIES = YES;
				BUNDLE_LOADER = "$(TEST_HOST)";
				CODE_SIGN_STYLE = Automatic;
				CURRENT_PROJECT_VERSION = 1;
				GENERATE_INFOPLIST_FILE = YES;
				IPHONEOS_DEPLOYMENT_TARGET = 15.2;
				MARKETING_VERSION = 1.0;
				PRODUCT_BUNDLE_IDENTIFIER = kr.co.test.OnboardingViewAppTests;
				PRODUCT_NAME = "$(TARGET_NAME)";
				SWIFT_EMIT_LOC_STRINGS = NO;
				SWIFT_VERSION = 5.0;
				TARGETED_DEVICE_FAMILY = "1,2";
				TEST_HOST = "$(BUILT_PRODUCTS_DIR)/OnboardingViewApp.app/OnboardingViewApp";
			};
			name = Debug;
		};
		74E9C392279923CF00AA68CA /* Release */ = {
			isa = XCBuildConfiguration;
			buildSettings = {
				ALWAYS_EMBED_SWIFT_STANDARD_LIBRARIES = YES;
				BUNDLE_LOADER = "$(TEST_HOST)";
				CODE_SIGN_STYLE = Automatic;
				CURRENT_PROJECT_VERSION = 1;
				GENERATE_INFOPLIST_FILE = YES;
				IPHONEOS_DEPLOYMENT_TARGET = 15.2;
				MARKETING_VERSION = 1.0;
				PRODUCT_BUNDLE_IDENTIFIER = kr.co.test.OnboardingViewAppTests;
				PRODUCT_NAME = "$(TARGET_NAME)";
				SWIFT_EMIT_LOC_STRINGS = NO;
				SWIFT_VERSION = 5.0;
				TARGETED_DEVICE_FAMILY = "1,2";
				TEST_HOST = "$(BUILT_PRODUCTS_DIR)/OnboardingViewApp.app/OnboardingViewApp";
			};
			name = Release;
		};
		74E9C394279923CF00AA68CA /* Debug */ = {
			isa = XCBuildConfiguration;
			buildSettings = {
				ALWAYS_EMBED_SWIFT_STANDARD_LIBRARIES = YES;
				CODE_SIGN_STYLE = Automatic;
				CURRENT_PROJECT_VERSION = 1;
				GENERATE_INFOPLIST_FILE = YES;
				MARKETING_VERSION = 1.0;
				PRODUCT_BUNDLE_IDENTIFIER = kr.co.test.OnboardingViewAppUITests;
				PRODUCT_NAME = "$(TARGET_NAME)";
				SWIFT_EMIT_LOC_STRINGS = NO;
				SWIFT_VERSION = 5.0;
				TARGETED_DEVICE_FAMILY = "1,2";
				TEST_TARGET_NAME = OnboardingViewApp;
			};
			name = Debug;
		};
		74E9C395279923CF00AA68CA /* Release */ = {
			isa = XCBuildConfiguration;
			buildSettings = {
				ALWAYS_EMBED_SWIFT_STANDARD_LIBRARIES = YES;
				CODE_SIGN_STYLE = Automatic;
				CURRENT_PROJECT_VERSION = 1;
				GENERATE_INFOPLIST_FILE = YES;
				MARKETING_VERSION = 1.0;
				PRODUCT_BUNDLE_IDENTIFIER = kr.co.test.OnboardingViewAppUITests;
				PRODUCT_NAME = "$(TARGET_NAME)";
				SWIFT_EMIT_LOC_STRINGS = NO;
				SWIFT_VERSION = 5.0;
				TARGETED_DEVICE_FAMILY = "1,2";
				TEST_TARGET_NAME = OnboardingViewApp;
			};
			name = Release;
		};
/* End XCBuildConfiguration section */

/* Begin XCConfigurationList section */
		74E9C35E279923CF00AA68CA /* Build configuration list for PBXProject "OnboardingViewApp" */ = {
			isa = XCConfigurationList;
			buildConfigurations = (
				74E9C38B279923CF00AA68CA /* Debug */,
				74E9C38C279923CF00AA68CA /* Release */,
			);
			defaultConfigurationIsVisible = 0;
			defaultConfigurationName = Release;
		};
		74E9C38D279923CF00AA68CA /* Build configuration list for PBXNativeTarget "OnboardingViewApp" */ = {
			isa = XCConfigurationList;
			buildConfigurations = (
				74E9C38E279923CF00AA68CA /* Debug */,
				74E9C38F279923CF00AA68CA /* Release */,
			);
			defaultConfigurationIsVisible = 0;
			defaultConfigurationName = Release;
		};
		74E9C390279923CF00AA68CA /* Build configuration list for PBXNativeTarget "OnboardingViewAppTests" */ = {
			isa = XCConfigurationList;
			buildConfigurations = (
				74E9C391279923CF00AA68CA /* Debug */,
				74E9C392279923CF00AA68CA /* Release */,
			);
			defaultConfigurationIsVisible = 0;
			defaultConfigurationName = Release;
		};
		74E9C393279923CF00AA68CA /* Build configuration list for PBXNativeTarget "OnboardingViewAppUITests" */ = {
			isa = XCConfigurationList;
			buildConfigurations = (
				74E9C394279923CF00AA68CA /* Debug */,
				74E9C395279923CF00AA68CA /* Release */,
			);
			defaultConfigurationIsVisible = 0;
			defaultConfigurationName = Release;
		};
/* End XCConfigurationList section */
	};
	rootObject = 74E9C35B279923CF00AA68CA /* Project object */;
}
