// !$*UTF8*$!
{
	archiveVersion = 1;
	classes = {
	};
	objectVersion = 55;
	objects = {

/* Begin PBXBuildFile section */
		74E6668727B0E2F3005A9ECD /* AppDelegate.swift in Sources */ = {isa = PBXBuildFile; fileRef = 74E6668627B0E2F3005A9ECD /* AppDelegate.swift */; };
		74E6668927B0E2F3005A9ECD /* SceneDelegate.swift in Sources */ = {isa = PBXBuildFile; fileRef = 74E6668827B0E2F3005A9ECD /* SceneDelegate.swift */; };
		74E6668B27B0E2F3005A9ECD /* ViewController.swift in Sources */ = {isa = PBXBuildFile; fileRef = 74E6668A27B0E2F3005A9ECD /* ViewController.swift */; };
		74E6668E27B0E2F3005A9ECD /* Main.storyboard in Resources */ = {isa = PBXBuildFile; fileRef = 74E6668C27B0E2F3005A9ECD /* Main.storyboard */; };
		74E6669127B0E2F3005A9ECD /* NavigationController.xcdatamodeld in Sources */ = {isa = PBXBuildFile; fileRef = 74E6668F27B0E2F3005A9ECD /* NavigationController.xcdatamodeld */; };
		74E6669327B0E2F3005A9ECD /* Assets.xcassets in Resources */ = {isa = PBXBuildFile; fileRef = 74E6669227B0E2F3005A9ECD /* Assets.xcassets */; };
		74E6669627B0E2F3005A9ECD /* LaunchScreen.storyboard in Resources */ = {isa = PBXBuildFile; fileRef = 74E6669427B0E2F3005A9ECD /* LaunchScreen.storyboard */; };
		74E666A127B0E2F3005A9ECD /* NavigationControllerTests.swift in Sources */ = {isa = PBXBuildFile; fileRef = 74E666A027B0E2F3005A9ECD /* NavigationControllerTests.swift */; };
		74E666AB27B0E2F3005A9ECD /* NavigationControllerUITests.swift in Sources */ = {isa = PBXBuildFile; fileRef = 74E666AA27B0E2F3005A9ECD /* NavigationControllerUITests.swift */; };
		74E666AD27B0E2F3005A9ECD /* NavigationControllerUITestsLaunchTests.swift in Sources */ = {isa = PBXBuildFile; fileRef = 74E666AC27B0E2F3005A9ECD /* NavigationControllerUITestsLaunchTests.swift */; };
		74E666BC27B0FF0F005A9ECD /* DetailViewController.swift in Sources */ = {isa = PBXBuildFile; fileRef = 74E666BB27B0FF0F005A9ECD /* DetailViewController.swift */; };
/* End PBXBuildFile section */

/* Begin PBXContainerItemProxy section */
		74E6669D27B0E2F3005A9ECD /* PBXContainerItemProxy */ = {
			isa = PBXContainerItemProxy;
			containerPortal = 74E6667B27B0E2F2005A9ECD /* Project object */;
			proxyType = 1;
			remoteGlobalIDString = 74E6668227B0E2F3005A9ECD;
			remoteInfo = NavigationController;
		};
		74E666A727B0E2F3005A9ECD /* PBXContainerItemProxy */ = {
			isa = PBXContainerItemProxy;
			containerPortal = 74E6667B27B0E2F2005A9ECD /* Project object */;
			proxyType = 1;
			remoteGlobalIDString = 74E6668227B0E2F3005A9ECD;
			remoteInfo = NavigationController;
		};
/* End PBXContainerItemProxy section */

/* Begin PBXFileReference section */
		74E6668327B0E2F3005A9ECD /* NavigationController.app */ = {isa = PBXFileReference; explicitFileType = wrapper.application; includeInIndex = 0; path = NavigationController.app; sourceTree = BUILT_PRODUCTS_DIR; };
		74E6668627B0E2F3005A9ECD /* AppDelegate.swift */ = {isa = PBXFileReference; lastKnownFileType = sourcecode.swift; path = AppDelegate.swift; sourceTree = "<group>"; };
		74E6668827B0E2F3005A9ECD /* SceneDelegate.swift */ = {isa = PBXFileReference; lastKnownFileType = sourcecode.swift; path = SceneDelegate.swift; sourceTree = "<group>"; };
		74E6668A27B0E2F3005A9ECD /* ViewController.swift */ = {isa = PBXFileReference; lastKnownFileType = sourcecode.swift; path = ViewController.swift; sourceTree = "<group>"; };
		74E6668D27B0E2F3005A9ECD /* Base */ = {isa = PBXFileReference; lastKnownFileType = file.storyboard; name = Base; path = Base.lproj/Main.storyboard; sourceTree = "<group>"; };
		74E6669027B0E2F3005A9ECD /* NavigationController.xcdatamodel */ = {isa = PBXFileReference; lastKnownFileType = wrapper.xcdatamodel; path = NavigationController.xcdatamodel; sourceTree = "<group>"; };
		74E6669227B0E2F3005A9ECD /* Assets.xcassets */ = {isa = PBXFileReference; lastKnownFileType = folder.assetcatalog; path = Assets.xcassets; sourceTree = "<group>"; };
		74E6669527B0E2F3005A9ECD /* Base */ = {isa = PBXFileReference; lastKnownFileType = file.storyboard; name = Base; path = Base.lproj/LaunchScreen.storyboard; sourceTree = "<group>"; };
		74E6669727B0E2F3005A9ECD /* Info.plist */ = {isa = PBXFileReference; lastKnownFileType = text.plist.xml; path = Info.plist; sourceTree = "<group>"; };
		74E6669C27B0E2F3005A9ECD /* NavigationControllerTests.xctest */ = {isa = PBXFileReference; explicitFileType = wrapper.cfbundle; includeInIndex = 0; path = NavigationControllerTests.xctest; sourceTree = BUILT_PRODUCTS_DIR; };
		74E666A027B0E2F3005A9ECD /* NavigationControllerTests.swift */ = {isa = PBXFileReference; lastKnownFileType = sourcecode.swift; path = NavigationControllerTests.swift; sourceTree = "<group>"; };
		74E666A627B0E2F3005A9ECD /* NavigationControllerUITests.xctest */ = {isa = PBXFileReference; explicitFileType = wrapper.cfbundle; includeInIndex = 0; path = NavigationControllerUITests.xctest; sourceTree = BUILT_PRODUCTS_DIR; };
		74E666AA27B0E2F3005A9ECD /* NavigationControllerUITests.swift */ = {isa = PBXFileReference; lastKnownFileType = sourcecode.swift; path = NavigationControllerUITests.swift; sourceTree = "<group>"; };
		74E666AC27B0E2F3005A9ECD /* NavigationControllerUITestsLaunchTests.swift */ = {isa = PBXFileReference; lastKnownFileType = sourcecode.swift; path = NavigationControllerUITestsLaunchTests.swift; sourceTree = "<group>"; };
		74E666BB27B0FF0F005A9ECD /* DetailViewController.swift */ = {isa = PBXFileReference; lastKnownFileType = sourcecode.swift; path = DetailViewController.swift; sourceTree = "<group>"; };
/* End PBXFileReference section */

/* Begin PBXFrameworksBuildPhase section */
		74E6668027B0E2F3005A9ECD /* Frameworks */ = {
			isa = PBXFrameworksBuildPhase;
			buildActionMask = 2147483647;
			files = (
			);
			runOnlyForDeploymentPostprocessing = 0;
		};
		74E6669927B0E2F3005A9ECD /* Frameworks */ = {
			isa = PBXFrameworksBuildPhase;
			buildActionMask = 2147483647;
			files = (
			);
			runOnlyForDeploymentPostprocessing = 0;
		};
		74E666A327B0E2F3005A9ECD /* Frameworks */ = {
			isa = PBXFrameworksBuildPhase;
			buildActionMask = 2147483647;
			files = (
			);
			runOnlyForDeploymentPostprocessing = 0;
		};
/* End PBXFrameworksBuildPhase section */

/* Begin PBXGroup section */
		74E6667A27B0E2F2005A9ECD = {
			isa = PBXGroup;
			children = (
				74E6668527B0E2F3005A9ECD /* NavigationController */,
				74E6669F27B0E2F3005A9ECD /* NavigationControllerTests */,
				74E666A927B0E2F3005A9ECD /* NavigationControllerUITests */,
				74E6668427B0E2F3005A9ECD /* Products */,
			);
			sourceTree = "<group>";
		};
		74E6668427B0E2F3005A9ECD /* Products */ = {
			isa = PBXGroup;
			children = (
				74E6668327B0E2F3005A9ECD /* NavigationController.app */,
				74E6669C27B0E2F3005A9ECD /* NavigationControllerTests.xctest */,
				74E666A627B0E2F3005A9ECD /* NavigationControllerUITests.xctest */,
			);
			name = Products;
			sourceTree = "<group>";
		};
		74E6668527B0E2F3005A9ECD /* NavigationController */ = {
			isa = PBXGroup;
			children = (
				74E6668627B0E2F3005A9ECD /* AppDelegate.swift */,
				74E6668827B0E2F3005A9ECD /* SceneDelegate.swift */,
				74E6668A27B0E2F3005A9ECD /* ViewController.swift */,
				74E6668C27B0E2F3005A9ECD /* Main.storyboard */,
				74E6669227B0E2F3005A9ECD /* Assets.xcassets */,
				74E6669427B0E2F3005A9ECD /* LaunchScreen.storyboard */,
				74E6669727B0E2F3005A9ECD /* Info.plist */,
				74E6668F27B0E2F3005A9ECD /* NavigationController.xcdatamodeld */,
				74E666BB27B0FF0F005A9ECD /* DetailViewController.swift */,
			);
			path = NavigationController;
			sourceTree = "<group>";
		};
		74E6669F27B0E2F3005A9ECD /* NavigationControllerTests */ = {
			isa = PBXGroup;
			children = (
				74E666A027B0E2F3005A9ECD /* NavigationControllerTests.swift */,
			);
			path = NavigationControllerTests;
			sourceTree = "<group>";
		};
		74E666A927B0E2F3005A9ECD /* NavigationControllerUITests */ = {
			isa = PBXGroup;
			children = (
				74E666AA27B0E2F3005A9ECD /* NavigationControllerUITests.swift */,
				74E666AC27B0E2F3005A9ECD /* NavigationControllerUITestsLaunchTests.swift */,
			);
			path = NavigationControllerUITests;
			sourceTree = "<group>";
		};
/* End PBXGroup section */

/* Begin PBXNativeTarget section */
		74E6668227B0E2F3005A9ECD /* NavigationController */ = {
			isa = PBXNativeTarget;
			buildConfigurationList = 74E666B027B0E2F3005A9ECD /* Build configuration list for PBXNativeTarget "NavigationController" */;
			buildPhases = (
				74E6667F27B0E2F3005A9ECD /* Sources */,
				74E6668027B0E2F3005A9ECD /* Frameworks */,
				74E6668127B0E2F3005A9ECD /* Resources */,
			);
			buildRules = (
			);
			dependencies = (
			);
			name = NavigationController;
			productName = NavigationController;
			productReference = 74E6668327B0E2F3005A9ECD /* NavigationController.app */;
			productType = "com.apple.product-type.application";
		};
		74E6669B27B0E2F3005A9ECD /* NavigationControllerTests */ = {
			isa = PBXNativeTarget;
			buildConfigurationList = 74E666B327B0E2F3005A9ECD /* Build configuration list for PBXNativeTarget "NavigationControllerTests" */;
			buildPhases = (
				74E6669827B0E2F3005A9ECD /* Sources */,
				74E6669927B0E2F3005A9ECD /* Frameworks */,
				74E6669A27B0E2F3005A9ECD /* Resources */,
			);
			buildRules = (
			);
			dependencies = (
				74E6669E27B0E2F3005A9ECD /* PBXTargetDependency */,
			);
			name = NavigationControllerTests;
			productName = NavigationControllerTests;
			productReference = 74E6669C27B0E2F3005A9ECD /* NavigationControllerTests.xctest */;
			productType = "com.apple.product-type.bundle.unit-test";
		};
		74E666A527B0E2F3005A9ECD /* NavigationControllerUITests */ = {
			isa = PBXNativeTarget;
			buildConfigurationList = 74E666B627B0E2F3005A9ECD /* Build configuration list for PBXNativeTarget "NavigationControllerUITests" */;
			buildPhases = (
				74E666A227B0E2F3005A9ECD /* Sources */,
				74E666A327B0E2F3005A9ECD /* Frameworks */,
				74E666A427B0E2F3005A9ECD /* Resources */,
			);
			buildRules = (
			);
			dependencies = (
				74E666A827B0E2F3005A9ECD /* PBXTargetDependency */,
			);
			name = NavigationControllerUITests;
			productName = NavigationControllerUITests;
			productReference = 74E666A627B0E2F3005A9ECD /* NavigationControllerUITests.xctest */;
			productType = "com.apple.product-type.bundle.ui-testing";
		};
/* End PBXNativeTarget section */

/* Begin PBXProject section */
		74E6667B27B0E2F2005A9ECD /* Project object */ = {
			isa = PBXProject;
			attributes = {
				BuildIndependentTargetsInParallel = 1;
				LastSwiftUpdateCheck = 1320;
				LastUpgradeCheck = 1320;
				TargetAttributes = {
					74E6668227B0E2F3005A9ECD = {
						CreatedOnToolsVersion = 13.2.1;
					};
					74E6669B27B0E2F3005A9ECD = {
						CreatedOnToolsVersion = 13.2.1;
						TestTargetID = 74E6668227B0E2F3005A9ECD;
					};
					74E666A527B0E2F3005A9ECD = {
						CreatedOnToolsVersion = 13.2.1;
						TestTargetID = 74E6668227B0E2F3005A9ECD;
					};
				};
			};
			buildConfigurationList = 74E6667E27B0E2F2005A9ECD /* Build configuration list for PBXProject "NavigationController" */;
			compatibilityVersion = "Xcode 13.0";
			developmentRegion = en;
			hasScannedForEncodings = 0;
			knownRegions = (
				en,
				Base,
			);
			mainGroup = 74E6667A27B0E2F2005A9ECD;
			productRefGroup = 74E6668427B0E2F3005A9ECD /* Products */;
			projectDirPath = "";
			projectRoot = "";
			targets = (
				74E6668227B0E2F3005A9ECD /* NavigationController */,
				74E6669B27B0E2F3005A9ECD /* NavigationControllerTests */,
				74E666A527B0E2F3005A9ECD /* NavigationControllerUITests */,
			);
		};
/* End PBXProject section */

/* Begin PBXResourcesBuildPhase section */
		74E6668127B0E2F3005A9ECD /* Resources */ = {
			isa = PBXResourcesBuildPhase;
			buildActionMask = 2147483647;
			files = (
				74E6669627B0E2F3005A9ECD /* LaunchScreen.storyboard in Resources */,
				74E6669327B0E2F3005A9ECD /* Assets.xcassets in Resources */,
				74E6668E27B0E2F3005A9ECD /* Main.storyboard in Resources */,
			);
			runOnlyForDeploymentPostprocessing = 0;
		};
		74E6669A27B0E2F3005A9ECD /* Resources */ = {
			isa = PBXResourcesBuildPhase;
			buildActionMask = 2147483647;
			files = (
			);
			runOnlyForDeploymentPostprocessing = 0;
		};
		74E666A427B0E2F3005A9ECD /* Resources */ = {
			isa = PBXResourcesBuildPhase;
			buildActionMask = 2147483647;
			files = (
			);
			runOnlyForDeploymentPostprocessing = 0;
		};
/* End PBXResourcesBuildPhase section */

/* Begin PBXSourcesBuildPhase section */
		74E6667F27B0E2F3005A9ECD /* Sources */ = {
			isa = PBXSourcesBuildPhase;
			buildActionMask = 2147483647;
			files = (
				74E6668B27B0E2F3005A9ECD /* ViewController.swift in Sources */,
				74E6668727B0E2F3005A9ECD /* AppDelegate.swift in Sources */,
				74E666BC27B0FF0F005A9ECD /* DetailViewController.swift in Sources */,
				74E6668927B0E2F3005A9ECD /* SceneDelegate.swift in Sources */,
				74E6669127B0E2F3005A9ECD /* NavigationController.xcdatamodeld in Sources */,
			);
			runOnlyForDeploymentPostprocessing = 0;
		};
		74E6669827B0E2F3005A9ECD /* Sources */ = {
			isa = PBXSourcesBuildPhase;
			buildActionMask = 2147483647;
			files = (
				74E666A127B0E2F3005A9ECD /* NavigationControllerTests.swift in Sources */,
			);
			runOnlyForDeploymentPostprocessing = 0;
		};
		74E666A227B0E2F3005A9ECD /* Sources */ = {
			isa = PBXSourcesBuildPhase;
			buildActionMask = 2147483647;
			files = (
				74E666AD27B0E2F3005A9ECD /* NavigationControllerUITestsLaunchTests.swift in Sources */,
				74E666AB27B0E2F3005A9ECD /* NavigationControllerUITests.swift in Sources */,
			);
			runOnlyForDeploymentPostprocessing = 0;
		};
/* End PBXSourcesBuildPhase section */

/* Begin PBXTargetDependency section */
		74E6669E27B0E2F3005A9ECD /* PBXTargetDependency */ = {
			isa = PBXTargetDependency;
			target = 74E6668227B0E2F3005A9ECD /* NavigationController */;
			targetProxy = 74E6669D27B0E2F3005A9ECD /* PBXContainerItemProxy */;
		};
		74E666A827B0E2F3005A9ECD /* PBXTargetDependency */ = {
			isa = PBXTargetDependency;
			target = 74E6668227B0E2F3005A9ECD /* NavigationController */;
			targetProxy = 74E666A727B0E2F3005A9ECD /* PBXContainerItemProxy */;
		};
/* End PBXTargetDependency section */

/* Begin PBXVariantGroup section */
		74E6668C27B0E2F3005A9ECD /* Main.storyboard */ = {
			isa = PBXVariantGroup;
			children = (
				74E6668D27B0E2F3005A9ECD /* Base */,
			);
			name = Main.storyboard;
			sourceTree = "<group>";
		};
		74E6669427B0E2F3005A9ECD /* LaunchScreen.storyboard */ = {
			isa = PBXVariantGroup;
			children = (
				74E6669527B0E2F3005A9ECD /* Base */,
			);
			name = LaunchScreen.storyboard;
			sourceTree = "<group>";
		};
/* End PBXVariantGroup section */

/* Begin XCBuildConfiguration section */
		74E666AE27B0E2F3005A9ECD /* Debug */ = {
			isa = XCBuildConfiguration;
			buildSettings = {
				ALWAYS_SEARCH_USER_PATHS = NO;
				CLANG_ANALYZER_NONNULL = YES;
				CLANG_ANALYZER_NUMBER_OBJECT_CONVERSION = YES_AGGRESSIVE;
				CLANG_CXX_LANGUAGE_STANDARD = "gnu++17";
				CLANG_CXX_LIBRARY = "libc++";
				CLANG_ENABLE_MODULES = YES;
				CLANG_ENABLE_OBJC_ARC = YES;
				CLANG_ENABLE_OBJC_WEAK = YES;
				CLANG_WARN_BLOCK_CAPTURE_AUTORELEASING = YES;
				CLANG_WARN_BOOL_CONVERSION = YES;
				CLANG_WARN_COMMA = YES;
				CLANG_WARN_CONSTANT_CONVERSION = YES;
				CLANG_WARN_DEPRECATED_OBJC_IMPLEMENTATIONS = YES;
				CLANG_WARN_DIRECT_OBJC_ISA_USAGE = YES_ERROR;
				CLANG_WARN_DOCUMENTATION_COMMENTS = YES;
				CLANG_WARN_EMPTY_BODY = YES;
				CLANG_WARN_ENUM_CONVERSION = YES;
				CLANG_WARN_INFINITE_RECURSION = YES;
				CLANG_WARN_INT_CONVERSION = YES;
				CLANG_WARN_NON_LITERAL_NULL_CONVERSION = YES;
				CLANG_WARN_OBJC_IMPLICIT_RETAIN_SELF = YES;
				CLANG_WARN_OBJC_LITERAL_CONVERSION = YES;
				CLANG_WARN_OBJC_ROOT_CLASS = YES_ERROR;
				CLANG_WARN_QUOTED_INCLUDE_IN_FRAMEWORK_HEADER = YES;
				CLANG_WARN_RANGE_LOOP_ANALYSIS = YES;
				CLANG_WARN_STRICT_PROTOTYPES = YES;
				CLANG_WARN_SUSPICIOUS_MOVE = YES;
				CLANG_WARN_UNGUARDED_AVAILABILITY = YES_AGGRESSIVE;
				CLANG_WARN_UNREACHABLE_CODE = YES;
				CLANG_WARN__DUPLICATE_METHOD_MATCH = YES;
				COPY_PHASE_STRIP = NO;
				DEBUG_INFORMATION_FORMAT = dwarf;
				ENABLE_STRICT_OBJC_MSGSEND = YES;
				ENABLE_TESTABILITY = YES;
				GCC_C_LANGUAGE_STANDARD = gnu11;
				GCC_DYNAMIC_NO_PIC = NO;
				GCC_NO_COMMON_BLOCKS = YES;
				GCC_OPTIMIZATION_LEVEL = 0;
				GCC_PREPROCESSOR_DEFINITIONS = (
					"DEBUG=1",
					"$(inherited)",
				);
				GCC_WARN_64_TO_32_BIT_CONVERSION = YES;
				GCC_WARN_ABOUT_RETURN_TYPE = YES_ERROR;
				GCC_WARN_UNDECLARED_SELECTOR = YES;
				GCC_WARN_UNINITIALIZED_AUTOS = YES_AGGRESSIVE;
				GCC_WARN_UNUSED_FUNCTION = YES;
				GCC_WARN_UNUSED_VARIABLE = YES;
				IPHONEOS_DEPLOYMENT_TARGET = 15.2;
				MTL_ENABLE_DEBUG_INFO = INCLUDE_SOURCE;
				MTL_FAST_MATH = YES;
				ONLY_ACTIVE_ARCH = YES;
				SDKROOT = iphoneos;
				SWIFT_ACTIVE_COMPILATION_CONDITIONS = DEBUG;
				SWIFT_OPTIMIZATION_LEVEL = "-Onone";
			};
			name = Debug;
		};
		74E666AF27B0E2F3005A9ECD /* Release */ = {
			isa = XCBuildConfiguration;
			buildSettings = {
				ALWAYS_SEARCH_USER_PATHS = NO;
				CLANG_ANALYZER_NONNULL = YES;
				CLANG_ANALYZER_NUMBER_OBJECT_CONVERSION = YES_AGGRESSIVE;
				CLANG_CXX_LANGUAGE_STANDARD = "gnu++17";
				CLANG_CXX_LIBRARY = "libc++";
				CLANG_ENABLE_MODULES = YES;
				CLANG_ENABLE_OBJC_ARC = YES;
				CLANG_ENABLE_OBJC_WEAK = YES;
				CLANG_WARN_BLOCK_CAPTURE_AUTORELEASING = YES;
				CLANG_WARN_BOOL_CONVERSION = YES;
				CLANG_WARN_COMMA = YES;
				CLANG_WARN_CONSTANT_CONVERSION = YES;
				CLANG_WARN_DEPRECATED_OBJC_IMPLEMENTATIONS = YES;
				CLANG_WARN_DIRECT_OBJC_ISA_USAGE = YES_ERROR;
				CLANG_WARN_DOCUMENTATION_COMMENTS = YES;
				CLANG_WARN_EMPTY_BODY = YES;
				CLANG_WARN_ENUM_CONVERSION = YES;
				CLANG_WARN_INFINITE_RECURSION = YES;
				CLANG_WARN_INT_CONVERSION = YES;
				CLANG_WARN_NON_LITERAL_NULL_CONVERSION = YES;
				CLANG_WARN_OBJC_IMPLICIT_RETAIN_SELF = YES;
				CLANG_WARN_OBJC_LITERAL_CONVERSION = YES;
				CLANG_WARN_OBJC_ROOT_CLASS = YES_ERROR;
				CLANG_WARN_QUOTED_INCLUDE_IN_FRAMEWORK_HEADER = YES;
				CLANG_WARN_RANGE_LOOP_ANALYSIS = YES;
				CLANG_WARN_STRICT_PROTOTYPES = YES;
				CLANG_WARN_SUSPICIOUS_MOVE = YES;
				CLANG_WARN_UNGUARDED_AVAILABILITY = YES_AGGRESSIVE;
				CLANG_WARN_UNREACHABLE_CODE = YES;
				CLANG_WARN__DUPLICATE_METHOD_MATCH = YES;
				COPY_PHASE_STRIP = NO;
				DEBUG_INFORMATION_FORMAT = "dwarf-with-dsym";
				ENABLE_NS_ASSERTIONS = NO;
				ENABLE_STRICT_OBJC_MSGSEND = YES;
				GCC_C_LANGUAGE_STANDARD = gnu11;
				GCC_NO_COMMON_BLOCKS = YES;
				GCC_WARN_64_TO_32_BIT_CONVERSION = YES;
				GCC_WARN_ABOUT_RETURN_TYPE = YES_ERROR;
				GCC_WARN_UNDECLARED_SELECTOR = YES;
				GCC_WARN_UNINITIALIZED_AUTOS = YES_AGGRESSIVE;
				GCC_WARN_UNUSED_FUNCTION = YES;
				GCC_WARN_UNUSED_VARIABLE = YES;
				IPHONEOS_DEPLOYMENT_TARGET = 15.2;
				MTL_ENABLE_DEBUG_INFO = NO;
				MTL_FAST_MATH = YES;
				SDKROOT = iphoneos;
				SWIFT_COMPILATION_MODE = wholemodule;
				SWIFT_OPTIMIZATION_LEVEL = "-O";
				VALIDATE_PRODUCT = YES;
			};
			name = Release;
		};
		74E666B127B0E2F3005A9ECD /* Debug */ = {
			isa = XCBuildConfiguration;
			buildSettings = {
				ASSETCATALOG_COMPILER_APPICON_NAME = AppIcon;
				ASSETCATALOG_COMPILER_GLOBAL_ACCENT_COLOR_NAME = AccentColor;
				CODE_SIGN_STYLE = Automatic;
				CURRENT_PROJECT_VERSION = 1;
				DEVELOPMENT_TEAM = H4MSW7FUBB;
				GENERATE_INFOPLIST_FILE = YES;
				INFOPLIST_FILE = NavigationController/Info.plist;
				INFOPLIST_KEY_UIApplicationSupportsIndirectInputEvents = YES;
				INFOPLIST_KEY_UILaunchStoryboardName = LaunchScreen;
				INFOPLIST_KEY_UIMainStoryboardFile = Main;
				INFOPLIST_KEY_UISupportedInterfaceOrientations_iPad = "UIInterfaceOrientationPortrait UIInterfaceOrientationPortraitUpsideDown UIInterfaceOrientationLandscapeLeft UIInterfaceOrientationLandscapeRight";
				INFOPLIST_KEY_UISupportedInterfaceOrientations_iPhone = "UIInterfaceOrientationPortrait UIInterfaceOrientationLandscapeLeft UIInterfaceOrientationLandscapeRight";
				LD_RUNPATH_SEARCH_PATHS = (
					"$(inherited)",
					"@executable_path/Frameworks",
				);
				MARKETING_VERSION = 1.0;
				PRODUCT_BUNDLE_IDENTIFIER = kr.co.test.NavigationController;
				PRODUCT_NAME = "$(TARGET_NAME)";
				SWIFT_EMIT_LOC_STRINGS = YES;
				SWIFT_VERSION = 5.0;
				TARGETED_DEVICE_FAMILY = "1,2";
			};
			name = Debug;
		};
		74E666B227B0E2F3005A9ECD /* Release */ = {
			isa = XCBuildConfiguration;
			buildSettings = {
				ASSETCATALOG_COMPILER_APPICON_NAME = AppIcon;
				ASSETCATALOG_COMPILER_GLOBAL_ACCENT_COLOR_NAME = AccentColor;
				CODE_SIGN_STYLE = Automatic;
				CURRENT_PROJECT_VERSION = 1;
				DEVELOPMENT_TEAM = H4MSW7FUBB;
				GENERATE_INFOPLIST_FILE = YES;
				INFOPLIST_FILE = NavigationController/Info.plist;
				INFOPLIST_KEY_UIApplicationSupportsIndirectInputEvents = YES;
				INFOPLIST_KEY_UILaunchStoryboardName = LaunchScreen;
				INFOPLIST_KEY_UIMainStoryboardFile = Main;
				INFOPLIST_KEY_UISupportedInterfaceOrientations_iPad = "UIInterfaceOrientationPortrait UIInterfaceOrientationPortraitUpsideDown UIInterfaceOrientationLandscapeLeft UIInterfaceOrientationLandscapeRight";
				INFOPLIST_KEY_UISupportedInterfaceOrientations_iPhone = "UIInterfaceOrientationPortrait UIInterfaceOrientationLandscapeLeft UIInterfaceOrientationLandscapeRight";
				LD_RUNPATH_SEARCH_PATHS = (
					"$(inherited)",
					"@executable_path/Frameworks",
				);
				MARKETING_VERSION = 1.0;
				PRODUCT_BUNDLE_IDENTIFIER = kr.co.test.NavigationController;
				PRODUCT_NAME = "$(TARGET_NAME)";
				SWIFT_EMIT_LOC_STRINGS = YES;
				SWIFT_VERSION = 5.0;
				TARGETED_DEVICE_FAMILY = "1,2";
			};
			name = Release;
		};
		74E666B427B0E2F3005A9ECD /* Debug */ = {
			isa = XCBuildConfiguration;
			buildSettings = {
				ALWAYS_EMBED_SWIFT_STANDARD_LIBRARIES = YES;
				BUNDLE_LOADER = "$(TEST_HOST)";
				CODE_SIGN_STYLE = Automatic;
				CURRENT_PROJECT_VERSION = 1;
				DEVELOPMENT_TEAM = H4MSW7FUBB;
				GENERATE_INFOPLIST_FILE = YES;
				IPHONEOS_DEPLOYMENT_TARGET = 15.2;
				MARKETING_VERSION = 1.0;
				PRODUCT_BUNDLE_IDENTIFIER = kr.co.test.NavigationControllerTests;
				PRODUCT_NAME = "$(TARGET_NAME)";
				SWIFT_EMIT_LOC_STRINGS = NO;
				SWIFT_VERSION = 5.0;
				TARGETED_DEVICE_FAMILY = "1,2";
				TEST_HOST = "$(BUILT_PRODUCTS_DIR)/NavigationController.app/NavigationController";
			};
			name = Debug;
		};
		74E666B527B0E2F3005A9ECD /* Release */ = {
			isa = XCBuildConfiguration;
			buildSettings = {
				ALWAYS_EMBED_SWIFT_STANDARD_LIBRARIES = YES;
				BUNDLE_LOADER = "$(TEST_HOST)";
				CODE_SIGN_STYLE = Automatic;
				CURRENT_PROJECT_VERSION = 1;
				DEVELOPMENT_TEAM = H4MSW7FUBB;
				GENERATE_INFOPLIST_FILE = YES;
				IPHONEOS_DEPLOYMENT_TARGET = 15.2;
				MARKETING_VERSION = 1.0;
				PRODUCT_BUNDLE_IDENTIFIER = kr.co.test.NavigationControllerTests;
				PRODUCT_NAME = "$(TARGET_NAME)";
				SWIFT_EMIT_LOC_STRINGS = NO;
				SWIFT_VERSION = 5.0;
				TARGETED_DEVICE_FAMILY = "1,2";
				TEST_HOST = "$(BUILT_PRODUCTS_DIR)/NavigationController.app/NavigationController";
			};
			name = Release;
		};
		74E666B727B0E2F3005A9ECD /* Debug */ = {
			isa = XCBuildConfiguration;
			buildSettings = {
				ALWAYS_EMBED_SWIFT_STANDARD_LIBRARIES = YES;
				CODE_SIGN_STYLE = Automatic;
				CURRENT_PROJECT_VERSION = 1;
				DEVELOPMENT_TEAM = H4MSW7FUBB;
				GENERATE_INFOPLIST_FILE = YES;
				MARKETING_VERSION = 1.0;
				PRODUCT_BUNDLE_IDENTIFIER = kr.co.test.NavigationControllerUITests;
				PRODUCT_NAME = "$(TARGET_NAME)";
				SWIFT_EMIT_LOC_STRINGS = NO;
				SWIFT_VERSION = 5.0;
				TARGETED_DEVICE_FAMILY = "1,2";
				TEST_TARGET_NAME = NavigationController;
			};
			name = Debug;
		};
		74E666B827B0E2F3005A9ECD /* Release */ = {
			isa = XCBuildConfiguration;
			buildSettings = {
				ALWAYS_EMBED_SWIFT_STANDARD_LIBRARIES = YES;
				CODE_SIGN_STYLE = Automatic;
				CURRENT_PROJECT_VERSION = 1;
				DEVELOPMENT_TEAM = H4MSW7FUBB;
				GENERATE_INFOPLIST_FILE = YES;
				MARKETING_VERSION = 1.0;
				PRODUCT_BUNDLE_IDENTIFIER = kr.co.test.NavigationControllerUITests;
				PRODUCT_NAME = "$(TARGET_NAME)";
				SWIFT_EMIT_LOC_STRINGS = NO;
				SWIFT_VERSION = 5.0;
				TARGETED_DEVICE_FAMILY = "1,2";
				TEST_TARGET_NAME = NavigationController;
			};
			name = Release;
		};
/* End XCBuildConfiguration section */

/* Begin XCConfigurationList section */
		74E6667E27B0E2F2005A9ECD /* Build configuration list for PBXProject "NavigationController" */ = {
			isa = XCConfigurationList;
			buildConfigurations = (
				74E666AE27B0E2F3005A9ECD /* Debug */,
				74E666AF27B0E2F3005A9ECD /* Release */,
			);
			defaultConfigurationIsVisible = 0;
			defaultConfigurationName = Release;
		};
		74E666B027B0E2F3005A9ECD /* Build configuration list for PBXNativeTarget "NavigationController" */ = {
			isa = XCConfigurationList;
			buildConfigurations = (
				74E666B127B0E2F3005A9ECD /* Debug */,
				74E666B227B0E2F3005A9ECD /* Release */,
			);
			defaultConfigurationIsVisible = 0;
			defaultConfigurationName = Release;
		};
		74E666B327B0E2F3005A9ECD /* Build configuration list for PBXNativeTarget "NavigationControllerTests" */ = {
			isa = XCConfigurationList;
			buildConfigurations = (
				74E666B427B0E2F3005A9ECD /* Debug */,
				74E666B527B0E2F3005A9ECD /* Release */,
			);
			defaultConfigurationIsVisible = 0;
			defaultConfigurationName = Release;
		};
		74E666B627B0E2F3005A9ECD /* Build configuration list for PBXNativeTarget "NavigationControllerUITests" */ = {
			isa = XCConfigurationList;
			buildConfigurations = (
				74E666B727B0E2F3005A9ECD /* Debug */,
				74E666B827B0E2F3005A9ECD /* Release */,
			);
			defaultConfigurationIsVisible = 0;
			defaultConfigurationName = Release;
		};
/* End XCConfigurationList section */

/* Begin XCVersionGroup section */
		74E6668F27B0E2F3005A9ECD /* NavigationController.xcdatamodeld */ = {
			isa = XCVersionGroup;
			children = (
				74E6669027B0E2F3005A9ECD /* NavigationController.xcdatamodel */,
			);
			currentVersion = 74E6669027B0E2F3005A9ECD /* NavigationController.xcdatamodel */;
			path = NavigationController.xcdatamodeld;
			sourceTree = "<group>";
			versionGroupType = wrapper.xcdatamodel;
		};
/* End XCVersionGroup section */
	};
	rootObject = 74E6667B27B0E2F2005A9ECD /* Project object */;
}
